# This file is generated by running "yarn install" inside your project.
# Manual changes might be lost - proceed with caution!

__metadata:
  version: 8
  cacheKey: 10c0

"only-allow3@workspace:.":
  version: 0.0.0-use.local
  resolution: "only-allow3@workspace:."
  dependencies:
    semver: "npm:^7.6.3"
    which-pm-runs: "npm:^1.1.0"
  bin:
    only-allow3: bin.js
  languageName: unknown
  linkType: soft

"semver@npm:^7.6.3":
  version: 7.6.3
  resolution: "semver@npm:7.6.3"
  bin:
    semver: bin/semver.js
  checksum: 10c0/88f33e148b210c153873cb08cfe1e281d518aaa9a666d4d148add6560db5cd3c582f3a08ccb91f38d5f379ead256da9931234ed122057f40bb5766e65e58adaf
  languageName: node
  linkType: hard

"which-pm-runs@npm:^1.1.0":
  version: 1.1.0
  resolution: "which-pm-runs@npm:1.1.0"
  checksum: 10c0/b8f2f230aa49babe21cb93f169f5da13937f940b8cc7a47d2078d9d200950c0dba5ac5659bc01bdbe401e6db3adec6a97b6115215a4ca8e87fd714aebd0cabc6
  languageName: node
  linkType: hard
